// !$*UTF8*$!
{
	archiveVersion = 1;
	classes = {
	};
	objectVersion = 56;
	objects = {

/* Begin PBXBuildFile section */
		3A3994782ABE7822003E049F /* Pie Chart View.swift in Sources */ = {isa = PBXBuildFile; fileRef = 3A3994772ABE7822003E049F /* Pie Chart View.swift */; };
		3A39947A2ABE7AF4003E049F /* PieData.swift in Sources */ = {isa = PBXBuildFile; fileRef = 3A3994792ABE7AF4003E049F /* PieData.swift */; };
		3A7989522ABE4DDA00A37E33 /* BetterYouApp.swift in Sources */ = {isa = PBXBuildFile; fileRef = 3A7989512ABE4DDA00A37E33 /* BetterYouApp.swift */; };
		3A7989542ABE4DDA00A37E33 /* ContentView.swift in Sources */ = {isa = PBXBuildFile; fileRef = 3A7989532ABE4DDA00A37E33 /* ContentView.swift */; };
		3A7989562ABE4DDC00A37E33 /* Assets.xcassets in Resources */ = {isa = PBXBuildFile; fileRef = 3A7989552ABE4DDC00A37E33 /* Assets.xcassets */; };
		3A79895A2ABE4DDC00A37E33 /* Preview Assets.xcassets in Resources */ = {isa = PBXBuildFile; fileRef = 3A7989592ABE4DDC00A37E33 /* Preview Assets.xcassets */; };
		3A7989642ABE4DDD00A37E33 /* BetterYouTests.swift in Sources */ = {isa = PBXBuildFile; fileRef = 3A7989632ABE4DDD00A37E33 /* BetterYouTests.swift */; };
		3A79896E2ABE4DDD00A37E33 /* BetterYouUITests.swift in Sources */ = {isa = PBXBuildFile; fileRef = 3A79896D2ABE4DDD00A37E33 /* BetterYouUITests.swift */; };
		3A7989702ABE4DDD00A37E33 /* BetterYouUITestsLaunchTests.swift in Sources */ = {isa = PBXBuildFile; fileRef = 3A79896F2ABE4DDD00A37E33 /* BetterYouUITestsLaunchTests.swift */; };
/* End PBXBuildFile section */

/* Begin PBXContainerItemProxy section */
		3A7989602ABE4DDD00A37E33 /* PBXContainerItemProxy */ = {
			isa = PBXContainerItemProxy;
			containerPortal = 3A7989462ABE4DDA00A37E33 /* Project object */;
			proxyType = 1;
			remoteGlobalIDString = 3A79894D2ABE4DDA00A37E33;
			remoteInfo = BetterYou;
		};
		3A79896A2ABE4DDD00A37E33 /* PBXContainerItemProxy */ = {
			isa = PBXContainerItemProxy;
			containerPortal = 3A7989462ABE4DDA00A37E33 /* Project object */;
			proxyType = 1;
			remoteGlobalIDString = 3A79894D2ABE4DDA00A37E33;
			remoteInfo = BetterYou;
		};
/* End PBXContainerItemProxy section */

/* Begin PBXFileReference section */
		3A3994772ABE7822003E049F /* Pie Chart View.swift */ = {isa = PBXFileReference; lastKnownFileType = sourcecode.swift; path = "Pie Chart View.swift"; sourceTree = "<group>"; };
		3A3994792ABE7AF4003E049F /* PieData.swift */ = {isa = PBXFileReference; lastKnownFileType = sourcecode.swift; path = PieData.swift; sourceTree = "<group>"; };
		3A79894E2ABE4DDA00A37E33 /* BetterYou.app */ = {isa = PBXFileReference; explicitFileType = wrapper.application; includeInIndex = 0; path = BetterYou.app; sourceTree = BUILT_PRODUCTS_DIR; };
		3A7989512ABE4DDA00A37E33 /* BetterYouApp.swift */ = {isa = PBXFileReference; lastKnownFileType = sourcecode.swift; path = BetterYouApp.swift; sourceTree = "<group>"; };
		3A7989532ABE4DDA00A37E33 /* ContentView.swift */ = {isa = PBXFileReference; lastKnownFileType = sourcecode.swift; path = ContentView.swift; sourceTree = "<group>"; };
		3A7989552ABE4DDC00A37E33 /* Assets.xcassets */ = {isa = PBXFileReference; lastKnownFileType = folder.assetcatalog; path = Assets.xcassets; sourceTree = "<group>"; };
		3A7989572ABE4DDC00A37E33 /* BetterYou.entitlements */ = {isa = PBXFileReference; lastKnownFileType = text.plist.entitlements; path = BetterYou.entitlements; sourceTree = "<group>"; };
		3A7989592ABE4DDC00A37E33 /* Preview Assets.xcassets */ = {isa = PBXFileReference; lastKnownFileType = folder.assetcatalog; path = "Preview Assets.xcassets"; sourceTree = "<group>"; };
		3A79895F2ABE4DDD00A37E33 /* BetterYouTests.xctest */ = {isa = PBXFileReference; explicitFileType = wrapper.cfbundle; includeInIndex = 0; path = BetterYouTests.xctest; sourceTree = BUILT_PRODUCTS_DIR; };
		3A7989632ABE4DDD00A37E33 /* BetterYouTests.swift */ = {isa = PBXFileReference; lastKnownFileType = sourcecode.swift; path = BetterYouTests.swift; sourceTree = "<group>"; };
		3A7989692ABE4DDD00A37E33 /* BetterYouUITests.xctest */ = {isa = PBXFileReference; explicitFileType = wrapper.cfbundle; includeInIndex = 0; path = BetterYouUITests.xctest; sourceTree = BUILT_PRODUCTS_DIR; };
		3A79896D2ABE4DDD00A37E33 /* BetterYouUITests.swift */ = {isa = PBXFileReference; lastKnownFileType = sourcecode.swift; path = BetterYouUITests.swift; sourceTree = "<group>"; };
		3A79896F2ABE4DDD00A37E33 /* BetterYouUITestsLaunchTests.swift */ = {isa = PBXFileReference; lastKnownFileType = sourcecode.swift; path = BetterYouUITestsLaunchTests.swift; sourceTree = "<group>"; };
/* End PBXFileReference section */

/* Begin PBXFrameworksBuildPhase section */
		3A79894B2ABE4DDA00A37E33 /* Frameworks */ = {
			isa = PBXFrameworksBuildPhase;
			buildActionMask = 2147483647;
			files = (
			);
			runOnlyForDeploymentPostprocessing = 0;
		};
		3A79895C2ABE4DDD00A37E33 /* Frameworks */ = {
			isa = PBXFrameworksBuildPhase;
			buildActionMask = 2147483647;
			files = (
			);
			runOnlyForDeploymentPostprocessing = 0;
		};
		3A7989662ABE4DDD00A37E33 /* Frameworks */ = {
			isa = PBXFrameworksBuildPhase;
			buildActionMask = 2147483647;
			files = (
			);
			runOnlyForDeploymentPostprocessing = 0;
		};
/* End PBXFrameworksBuildPhase section */

/* Begin PBXGroup section */
		3A7989452ABE4DDA00A37E33 = {
			isa = PBXGroup;
			children = (
				3A7989502ABE4DDA00A37E33 /* BetterYou */,
				3A7989622ABE4DDD00A37E33 /* BetterYouTests */,
				3A79896C2ABE4DDD00A37E33 /* BetterYouUITests */,
				3A79894F2ABE4DDA00A37E33 /* Products */,
			);
			sourceTree = "<group>";
		};
		3A79894F2ABE4DDA00A37E33 /* Products */ = {
			isa = PBXGroup;
			children = (
				3A79894E2ABE4DDA00A37E33 /* BetterYou.app */,
				3A79895F2ABE4DDD00A37E33 /* BetterYouTests.xctest */,
				3A7989692ABE4DDD00A37E33 /* BetterYouUITests.xctest */,
			);
			name = Products;
			sourceTree = "<group>";
		};
		3A7989502ABE4DDA00A37E33 /* BetterYou */ = {
			isa = PBXGroup;
			children = (
				3A7989512ABE4DDA00A37E33 /* BetterYouApp.swift */,
				3A7989532ABE4DDA00A37E33 /* ContentView.swift */,
				3A3994772ABE7822003E049F /* Pie Chart View.swift */,
				3A3994792ABE7AF4003E049F /* PieData.swift */,
				3A7989552ABE4DDC00A37E33 /* Assets.xcassets */,
				3A7989572ABE4DDC00A37E33 /* BetterYou.entitlements */,
				3A7989582ABE4DDC00A37E33 /* Preview Content */,
			);
			path = BetterYou;
			sourceTree = "<group>";
		};
		3A7989582ABE4DDC00A37E33 /* Preview Content */ = {
			isa = PBXGroup;
			children = (
				3A7989592ABE4DDC00A37E33 /* Preview Assets.xcassets */,
			);
			path = "Preview Content";
			sourceTree = "<group>";
		};
		3A7989622ABE4DDD00A37E33 /* BetterYouTests */ = {
			isa = PBXGroup;
			children = (
				3A7989632ABE4DDD00A37E33 /* BetterYouTests.swift */,
			);
			path = BetterYouTests;
			sourceTree = "<group>";
		};
		3A79896C2ABE4DDD00A37E33 /* BetterYouUITests */ = {
			isa = PBXGroup;
			children = (
				3A79896D2ABE4DDD00A37E33 /* BetterYouUITests.swift */,
				3A79896F2ABE4DDD00A37E33 /* BetterYouUITestsLaunchTests.swift */,
			);
			path = BetterYouUITests;
			sourceTree = "<group>";
		};
/* End PBXGroup section */

/* Begin PBXNativeTarget section */
		3A79894D2ABE4DDA00A37E33 /* BetterYou */ = {
			isa = PBXNativeTarget;
			buildConfigurationList = 3A7989732ABE4DDD00A37E33 /* Build configuration list for PBXNativeTarget "BetterYou" */;
			buildPhases = (
				3A79894A2ABE4DDA00A37E33 /* Sources */,
				3A79894B2ABE4DDA00A37E33 /* Frameworks */,
				3A79894C2ABE4DDA00A37E33 /* Resources */,
			);
			buildRules = (
			);
			dependencies = (
			);
			name = BetterYou;
			productName = BetterYou;
			productReference = 3A79894E2ABE4DDA00A37E33 /* BetterYou.app */;
			productType = "com.apple.product-type.application";
		};
		3A79895E2ABE4DDD00A37E33 /* BetterYouTests */ = {
			isa = PBXNativeTarget;
			buildConfigurationList = 3A7989762ABE4DDD00A37E33 /* Build configuration list for PBXNativeTarget "BetterYouTests" */;
			buildPhases = (
				3A79895B2ABE4DDD00A37E33 /* Sources */,
				3A79895C2ABE4DDD00A37E33 /* Frameworks */,
				3A79895D2ABE4DDD00A37E33 /* Resources */,
			);
			buildRules = (
			);
			dependencies = (
				3A7989612ABE4DDD00A37E33 /* PBXTargetDependency */,
			);
			name = BetterYouTests;
			productName = BetterYouTests;
			productReference = 3A79895F2ABE4DDD00A37E33 /* BetterYouTests.xctest */;
			productType = "com.apple.product-type.bundle.unit-test";
		};
		3A7989682ABE4DDD00A37E33 /* BetterYouUITests */ = {
			isa = PBXNativeTarget;
			buildConfigurationList = 3A7989792ABE4DDD00A37E33 /* Build configuration list for PBXNativeTarget "BetterYouUITests" */;
			buildPhases = (
				3A7989652ABE4DDD00A37E33 /* Sources */,
				3A7989662ABE4DDD00A37E33 /* Frameworks */,
				3A7989672ABE4DDD00A37E33 /* Resources */,
			);
			buildRules = (
			);
			dependencies = (
				3A79896B2ABE4DDD00A37E33 /* PBXTargetDependency */,
			);
			name = BetterYouUITests;
			productName = BetterYouUITests;
			productReference = 3A7989692ABE4DDD00A37E33 /* BetterYouUITests.xctest */;
			productType = "com.apple.product-type.bundle.ui-testing";
		};
/* End PBXNativeTarget section */

/* Begin PBXProject section */
		3A7989462ABE4DDA00A37E33 /* Project object */ = {
			isa = PBXProject;
			attributes = {
				BuildIndependentTargetsInParallel = 1;
				LastSwiftUpdateCheck = 1430;
				LastUpgradeCheck = 1430;
				TargetAttributes = {
					3A79894D2ABE4DDA00A37E33 = {
						CreatedOnToolsVersion = 14.3.1;
					};
					3A79895E2ABE4DDD00A37E33 = {
						CreatedOnToolsVersion = 14.3.1;
						TestTargetID = 3A79894D2ABE4DDA00A37E33;
					};
					3A7989682ABE4DDD00A37E33 = {
						CreatedOnToolsVersion = 14.3.1;
						TestTargetID = 3A79894D2ABE4DDA00A37E33;
					};
				};
			};
			buildConfigurationList = 3A7989492ABE4DDA00A37E33 /* Build configuration list for PBXProject "BetterYou" */;
			compatibilityVersion = "Xcode 14.0";
			developmentRegion = en;
			hasScannedForEncodings = 0;
			knownRegions = (
				en,
				Base,
			);
			mainGroup = 3A7989452ABE4DDA00A37E33;
			productRefGroup = 3A79894F2ABE4DDA00A37E33 /* Products */;
			projectDirPath = "";
			projectRoot = "";
			targets = (
				3A79894D2ABE4DDA00A37E33 /* BetterYou */,
				3A79895E2ABE4DDD00A37E33 /* BetterYouTests */,
				3A7989682ABE4DDD00A37E33 /* BetterYouUITests */,
			);
		};
/* End PBXProject section */

/* Begin PBXResourcesBuildPhase section */
		3A79894C2ABE4DDA00A37E33 /* Resources */ = {
			isa = PBXResourcesBuildPhase;
			buildActionMask = 2147483647;
			files = (
				3A79895A2ABE4DDC00A37E33 /* Preview Assets.xcassets in Resources */,
				3A7989562ABE4DDC00A37E33 /* Assets.xcassets in Resources */,
			);
			runOnlyForDeploymentPostprocessing = 0;
		};
		3A79895D2ABE4DDD00A37E33 /* Resources */ = {
			isa = PBXResourcesBuildPhase;
			buildActionMask = 2147483647;
			files = (
			);
			runOnlyForDeploymentPostprocessing = 0;
		};
		3A7989672ABE4DDD00A37E33 /* Resources */ = {
			isa = PBXResourcesBuildPhase;
			buildActionMask = 2147483647;
			files = (
			);
			runOnlyForDeploymentPostprocessing = 0;
		};
/* End PBXResourcesBuildPhase section */

/* Begin PBXSourcesBuildPhase section */
		3A79894A2ABE4DDA00A37E33 /* Sources */ = {
			isa = PBXSourcesBuildPhase;
			buildActionMask = 2147483647;
			files = (
				3A39947A2ABE7AF4003E049F /* PieData.swift in Sources */,
				3A3994782ABE7822003E049F /* Pie Chart View.swift in Sources */,
				3A7989542ABE4DDA00A37E33 /* ContentView.swift in Sources */,
				3A7989522ABE4DDA00A37E33 /* BetterYouApp.swift in Sources */,
			);
			runOnlyForDeploymentPostprocessing = 0;
		};
		3A79895B2ABE4DDD00A37E33 /* Sources */ = {
			isa = PBXSourcesBuildPhase;
			buildActionMask = 2147483647;
			files = (
				3A7989642ABE4DDD00A37E33 /* BetterYouTests.swift in Sources */,
			);
			runOnlyForDeploymentPostprocessing = 0;
		};
		3A7989652ABE4DDD00A37E33 /* Sources */ = {
			isa = PBXSourcesBuildPhase;
			buildActionMask = 2147483647;
			files = (
				3A7989702ABE4DDD00A37E33 /* BetterYouUITestsLaunchTests.swift in Sources */,
				3A79896E2ABE4DDD00A37E33 /* BetterYouUITests.swift in Sources */,
			);
			runOnlyForDeploymentPostprocessing = 0;
		};
/* End PBXSourcesBuildPhase section */

/* Begin PBXTargetDependency section */
		3A7989612ABE4DDD00A37E33 /* PBXTargetDependency */ = {
			isa = PBXTargetDependency;
			target = 3A79894D2ABE4DDA00A37E33 /* BetterYou */;
			targetProxy = 3A7989602ABE4DDD00A37E33 /* PBXContainerItemProxy */;
		};
		3A79896B2ABE4DDD00A37E33 /* PBXTargetDependency */ = {
			isa = PBXTargetDependency;
			target = 3A79894D2ABE4DDA00A37E33 /* BetterYou */;
			targetProxy = 3A79896A2ABE4DDD00A37E33 /* PBXContainerItemProxy */;
		};
/* End PBXTargetDependency section */

/* Begin XCBuildConfiguration section */
		3A7989712ABE4DDD00A37E33 /* Debug */ = {
			isa = XCBuildConfiguration;
			buildSettings = {
				ALWAYS_SEARCH_USER_PATHS = NO;
				CLANG_ANALYZER_NONNULL = YES;
				CLANG_ANALYZER_NUMBER_OBJECT_CONVERSION = YES_AGGRESSIVE;
				CLANG_CXX_LANGUAGE_STANDARD = "gnu++20";
				CLANG_ENABLE_MODULES = YES;
				CLANG_ENABLE_OBJC_ARC = YES;
				CLANG_ENABLE_OBJC_WEAK = YES;
				CLANG_WARN_BLOCK_CAPTURE_AUTORELEASING = YES;
				CLANG_WARN_BOOL_CONVERSION = YES;
				CLANG_WARN_COMMA = YES;
				CLANG_WARN_CONSTANT_CONVERSION = YES;
				CLANG_WARN_DEPRECATED_OBJC_IMPLEMENTATIONS = YES;
				CLANG_WARN_DIRECT_OBJC_ISA_USAGE = YES_ERROR;
				CLANG_WARN_DOCUMENTATION_COMMENTS = YES;
				CLANG_WARN_EMPTY_BODY = YES;
				CLANG_WARN_ENUM_CONVERSION = YES;
				CLANG_WARN_INFINITE_RECURSION = YES;
				CLANG_WARN_INT_CONVERSION = YES;
				CLANG_WARN_NON_LITERAL_NULL_CONVERSION = YES;
				CLANG_WARN_OBJC_IMPLICIT_RETAIN_SELF = YES;
				CLANG_WARN_OBJC_LITERAL_CONVERSION = YES;
				CLANG_WARN_OBJC_ROOT_CLASS = YES_ERROR;
				CLANG_WARN_QUOTED_INCLUDE_IN_FRAMEWORK_HEADER = YES;
				CLANG_WARN_RANGE_LOOP_ANALYSIS = YES;
				CLANG_WARN_STRICT_PROTOTYPES = YES;
				CLANG_WARN_SUSPICIOUS_MOVE = YES;
				CLANG_WARN_UNGUARDED_AVAILABILITY = YES_AGGRESSIVE;
				CLANG_WARN_UNREACHABLE_CODE = YES;
				CLANG_WARN__DUPLICATE_METHOD_MATCH = YES;
				COPY_PHASE_STRIP = NO;
				DEBUG_INFORMATION_FORMAT = dwarf;
				ENABLE_STRICT_OBJC_MSGSEND = YES;
				ENABLE_TESTABILITY = YES;
				GCC_C_LANGUAGE_STANDARD = gnu11;
				GCC_DYNAMIC_NO_PIC = NO;
				GCC_NO_COMMON_BLOCKS = YES;
				GCC_OPTIMIZATION_LEVEL = 0;
				GCC_PREPROCESSOR_DEFINITIONS = (
					"DEBUG=1",
					"$(inherited)",
				);
				GCC_WARN_64_TO_32_BIT_CONVERSION = YES;
				GCC_WARN_ABOUT_RETURN_TYPE = YES_ERROR;
				GCC_WARN_UNDECLARED_SELECTOR = YES;
				GCC_WARN_UNINITIALIZED_AUTOS = YES_AGGRESSIVE;
				GCC_WARN_UNUSED_FUNCTION = YES;
				GCC_WARN_UNUSED_VARIABLE = YES;
				MTL_ENABLE_DEBUG_INFO = INCLUDE_SOURCE;
				MTL_FAST_MATH = YES;
				ONLY_ACTIVE_ARCH = YES;
				SWIFT_ACTIVE_COMPILATION_CONDITIONS = DEBUG;
				SWIFT_OPTIMIZATION_LEVEL = "-Onone";
			};
			name = Debug;
		};
		3A7989722ABE4DDD00A37E33 /* Release */ = {
			isa = XCBuildConfiguration;
			buildSettings = {
				ALWAYS_SEARCH_USER_PATHS = NO;
				CLANG_ANALYZER_NONNULL = YES;
				CLANG_ANALYZER_NUMBER_OBJECT_CONVERSION = YES_AGGRESSIVE;
				CLANG_CXX_LANGUAGE_STANDARD = "gnu++20";
				CLANG_ENABLE_MODULES = YES;
				CLANG_ENABLE_OBJC_ARC = YES;
				CLANG_ENABLE_OBJC_WEAK = YES;
				CLANG_WARN_BLOCK_CAPTURE_AUTORELEASING = YES;
				CLANG_WARN_BOOL_CONVERSION = YES;
				CLANG_WARN_COMMA = YES;
				CLANG_WARN_CONSTANT_CONVERSION = YES;
				CLANG_WARN_DEPRECATED_OBJC_IMPLEMENTATIONS = YES;
				CLANG_WARN_DIRECT_OBJC_ISA_USAGE = YES_ERROR;
				CLANG_WARN_DOCUMENTATION_COMMENTS = YES;
				CLANG_WARN_EMPTY_BODY = YES;
				CLANG_WARN_ENUM_CONVERSION = YES;
				CLANG_WARN_INFINITE_RECURSION = YES;
				CLANG_WARN_INT_CONVERSION = YES;
				CLANG_WARN_NON_LITERAL_NULL_CONVERSION = YES;
				CLANG_WARN_OBJC_IMPLICIT_RETAIN_SELF = YES;
				CLANG_WARN_OBJC_LITERAL_CONVERSION = YES;
				CLANG_WARN_OBJC_ROOT_CLASS = YES_ERROR;
				CLANG_WARN_QUOTED_INCLUDE_IN_FRAMEWORK_HEADER = YES;
				CLANG_WARN_RANGE_LOOP_ANALYSIS = YES;
				CLANG_WARN_STRICT_PROTOTYPES = YES;
				CLANG_WARN_SUSPICIOUS_MOVE = YES;
				CLANG_WARN_UNGUARDED_AVAILABILITY = YES_AGGRESSIVE;
				CLANG_WARN_UNREACHABLE_CODE = YES;
				CLANG_WARN__DUPLICATE_METHOD_MATCH = YES;
				COPY_PHASE_STRIP = NO;
				DEBUG_INFORMATION_FORMAT = "dwarf-with-dsym";
				ENABLE_NS_ASSERTIONS = NO;
				ENABLE_STRICT_OBJC_MSGSEND = YES;
				GCC_C_LANGUAGE_STANDARD = gnu11;
				GCC_NO_COMMON_BLOCKS = YES;
				GCC_WARN_64_TO_32_BIT_CONVERSION = YES;
				GCC_WARN_ABOUT_RETURN_TYPE = YES_ERROR;
				GCC_WARN_UNDECLARED_SELECTOR = YES;
				GCC_WARN_UNINITIALIZED_AUTOS = YES_AGGRESSIVE;
				GCC_WARN_UNUSED_FUNCTION = YES;
				GCC_WARN_UNUSED_VARIABLE = YES;
				MTL_ENABLE_DEBUG_INFO = NO;
				MTL_FAST_MATH = YES;
				SWIFT_COMPILATION_MODE = wholemodule;
				SWIFT_OPTIMIZATION_LEVEL = "-O";
			};
			name = Release;
		};
		3A7989742ABE4DDD00A37E33 /* Debug */ = {
			isa = XCBuildConfiguration;
			buildSettings = {
				ASSETCATALOG_COMPILER_APPICON_NAME = AppIcon;
				ASSETCATALOG_COMPILER_GLOBAL_ACCENT_COLOR_NAME = AccentColor;
				CODE_SIGN_ENTITLEMENTS = BetterYou/BetterYou.entitlements;
				CODE_SIGN_STYLE = Automatic;
				CURRENT_PROJECT_VERSION = 1;
				DEVELOPMENT_ASSET_PATHS = "\"BetterYou/Preview Content\"";
				ENABLE_PREVIEWS = YES;
				GENERATE_INFOPLIST_FILE = YES;
				"INFOPLIST_KEY_UIApplicationSceneManifest_Generation[sdk=iphoneos*]" = YES;
				"INFOPLIST_KEY_UIApplicationSceneManifest_Generation[sdk=iphonesimulator*]" = YES;
				"INFOPLIST_KEY_UIApplicationSupportsIndirectInputEvents[sdk=iphoneos*]" = YES;
				"INFOPLIST_KEY_UIApplicationSupportsIndirectInputEvents[sdk=iphonesimulator*]" = YES;
				"INFOPLIST_KEY_UILaunchScreen_Generation[sdk=iphoneos*]" = YES;
				"INFOPLIST_KEY_UILaunchScreen_Generation[sdk=iphonesimulator*]" = YES;
				"INFOPLIST_KEY_UIStatusBarStyle[sdk=iphoneos*]" = UIStatusBarStyleDefault;
				"INFOPLIST_KEY_UIStatusBarStyle[sdk=iphonesimulator*]" = UIStatusBarStyleDefault;
				INFOPLIST_KEY_UISupportedInterfaceOrientations_iPad = "UIInterfaceOrientationPortrait UIInterfaceOrientationPortraitUpsideDown UIInterfaceOrientationLandscapeLeft UIInterfaceOrientationLandscapeRight";
				INFOPLIST_KEY_UISupportedInterfaceOrientations_iPhone = "UIInterfaceOrientationPortrait UIInterfaceOrientationLandscapeLeft UIInterfaceOrientationLandscapeRight";
				IPHONEOS_DEPLOYMENT_TARGET = 16.4;
				LD_RUNPATH_SEARCH_PATHS = "@executable_path/Frameworks";
				"LD_RUNPATH_SEARCH_PATHS[sdk=macosx*]" = "@executable_path/../Frameworks";
				MACOSX_DEPLOYMENT_TARGET = 13.3;
				MARKETING_VERSION = 1.0;
				PRODUCT_BUNDLE_IDENTIFIER = "Better-You.BetterYou";
				PRODUCT_NAME = "$(TARGET_NAME)";
				SDKROOT = auto;
				SUPPORTED_PLATFORMS = "iphoneos iphonesimulator macosx";
				SWIFT_EMIT_LOC_STRINGS = YES;
				SWIFT_VERSION = 5.0;
				TARGETED_DEVICE_FAMILY = "1,2";
			};
			name = Debug;
		};
		3A7989752ABE4DDD00A37E33 /* Release */ = {
			isa = XCBuildConfiguration;
			buildSettings = {
				ASSETCATALOG_COMPILER_APPICON_NAME = AppIcon;
				ASSETCATALOG_COMPILER_GLOBAL_ACCENT_COLOR_NAME = AccentColor;
				CODE_SIGN_ENTITLEMENTS = BetterYou/BetterYou.entitlements;
				CODE_SIGN_STYLE = Automatic;
				CURRENT_PROJECT_VERSION = 1;
				DEVELOPMENT_ASSET_PATHS = "\"BetterYou/Preview Content\"";
				ENABLE_PREVIEWS = YES;
				GENERATE_INFOPLIST_FILE = YES;
				"INFOPLIST_KEY_UIApplicationSceneManifest_Generation[sdk=iphoneos*]" = YES;
				"INFOPLIST_KEY_UIApplicationSceneManifest_Generation[sdk=iphonesimulator*]" = YES;
				"INFOPLIST_KEY_UIApplicationSupportsIndirectInputEvents[sdk=iphoneos*]" = YES;
				"INFOPLIST_KEY_UIApplicationSupportsIndirectInputEvents[sdk=iphonesimulator*]" = YES;
				"INFOPLIST_KEY_UILaunchScreen_Generation[sdk=iphoneos*]" = YES;
				"INFOPLIST_KEY_UILaunchScreen_Generation[sdk=iphonesimulator*]" = YES;
				"INFOPLIST_KEY_UIStatusBarStyle[sdk=iphoneos*]" = UIStatusBarStyleDefault;
				"INFOPLIST_KEY_UIStatusBarStyle[sdk=iphonesimulator*]" = UIStatusBarStyleDefault;
				INFOPLIST_KEY_UISupportedInterfaceOrientations_iPad = "UIInterfaceOrientationPortrait UIInterfaceOrientationPortraitUpsideDown UIInterfaceOrientationLandscapeLeft UIInterfaceOrientationLandscapeRight";
				INFOPLIST_KEY_UISupportedInterfaceOrientations_iPhone = "UIInterfaceOrientationPortrait UIInterfaceOrientationLandscapeLeft UIInterfaceOrientationLandscapeRight";
				IPHONEOS_DEPLOYMENT_TARGET = 16.4;
				LD_RUNPATH_SEARCH_PATHS = "@executable_path/Frameworks";
				"LD_RUNPATH_SEARCH_PATHS[sdk=macosx*]" = "@executable_path/../Frameworks";
				MACOSX_DEPLOYMENT_TARGET = 13.3;
				MARKETING_VERSION = 1.0;
				PRODUCT_BUNDLE_IDENTIFIER = "Better-You.BetterYou";
				PRODUCT_NAME = "$(TARGET_NAME)";
				SDKROOT = auto;
				SUPPORTED_PLATFORMS = "iphoneos iphonesimulator macosx";
				SWIFT_EMIT_LOC_STRINGS = YES;
				SWIFT_VERSION = 5.0;
				TARGETED_DEVICE_FAMILY = "1,2";
			};
			name = Release;
		};
		3A7989772ABE4DDD00A37E33 /* Debug */ = {
			isa = XCBuildConfiguration;
			buildSettings = {
				ALWAYS_EMBED_SWIFT_STANDARD_LIBRARIES = YES;
				BUNDLE_LOADER = "$(TEST_HOST)";
				CODE_SIGN_STYLE = Automatic;
				CURRENT_PROJECT_VERSION = 1;
				GENERATE_INFOPLIST_FILE = YES;
				IPHONEOS_DEPLOYMENT_TARGET = 16.4;
				MACOSX_DEPLOYMENT_TARGET = 13.3;
				MARKETING_VERSION = 1.0;
				PRODUCT_BUNDLE_IDENTIFIER = "Better-You.BetterYouTests";
				PRODUCT_NAME = "$(TARGET_NAME)";
				SDKROOT = auto;
				SUPPORTED_PLATFORMS = "iphoneos iphonesimulator macosx";
				SWIFT_EMIT_LOC_STRINGS = NO;
				SWIFT_VERSION = 5.0;
				TARGETED_DEVICE_FAMILY = "1,2";
				TEST_HOST = "$(BUILT_PRODUCTS_DIR)/BetterYou.app/$(BUNDLE_EXECUTABLE_FOLDER_PATH)/BetterYou";
			};
			name = Debug;
		};
		3A7989782ABE4DDD00A37E33 /* Release */ = {
			isa = XCBuildConfiguration;
			buildSettings = {
				ALWAYS_EMBED_SWIFT_STANDARD_LIBRARIES = YES;
				BUNDLE_LOADER = "$(TEST_HOST)";
				CODE_SIGN_STYLE = Automatic;
				CURRENT_PROJECT_VERSION = 1;
				GENERATE_INFOPLIST_FILE = YES;
				IPHONEOS_DEPLOYMENT_TARGET = 16.4;
				MACOSX_DEPLOYMENT_TARGET = 13.3;
				MARKETING_VERSION = 1.0;
				PRODUCT_BUNDLE_IDENTIFIER = "Better-You.BetterYouTests";
				PRODUCT_NAME = "$(TARGET_NAME)";
				SDKROOT = auto;
				SUPPORTED_PLATFORMS = "iphoneos iphonesimulator macosx";
				SWIFT_EMIT_LOC_STRINGS = NO;
				SWIFT_VERSION = 5.0;
				TARGETED_DEVICE_FAMILY = "1,2";
				TEST_HOST = "$(BUILT_PRODUCTS_DIR)/BetterYou.app/$(BUNDLE_EXECUTABLE_FOLDER_PATH)/BetterYou";
			};
			name = Release;
		};
		3A79897A2ABE4DDD00A37E33 /* Debug */ = {
			isa = XCBuildConfiguration;
			buildSettings = {
				ALWAYS_EMBED_SWIFT_STANDARD_LIBRARIES = YES;
				CODE_SIGN_STYLE = Automatic;
				CURRENT_PROJECT_VERSION = 1;
				GENERATE_INFOPLIST_FILE = YES;
				IPHONEOS_DEPLOYMENT_TARGET = 16.4;
				MACOSX_DEPLOYMENT_TARGET = 13.3;
				MARKETING_VERSION = 1.0;
				PRODUCT_BUNDLE_IDENTIFIER = "Better-You.BetterYouUITests";
				PRODUCT_NAME = "$(TARGET_NAME)";
				SDKROOT = auto;
				SUPPORTED_PLATFORMS = "iphoneos iphonesimulator macosx";
				SWIFT_EMIT_LOC_STRINGS = NO;
				SWIFT_VERSION = 5.0;
				TARGETED_DEVICE_FAMILY = "1,2";
				TEST_TARGET_NAME = BetterYou;
			};
			name = Debug;
		};
		3A79897B2ABE4DDD00A37E33 /* Release */ = {
			isa = XCBuildConfiguration;
			buildSettings = {
				ALWAYS_EMBED_SWIFT_STANDARD_LIBRARIES = YES;
				CODE_SIGN_STYLE = Automatic;
				CURRENT_PROJECT_VERSION = 1;
				GENERATE_INFOPLIST_FILE = YES;
				IPHONEOS_DEPLOYMENT_TARGET = 16.4;
				MACOSX_DEPLOYMENT_TARGET = 13.3;
				MARKETING_VERSION = 1.0;
				PRODUCT_BUNDLE_IDENTIFIER = "Better-You.BetterYouUITests";
				PRODUCT_NAME = "$(TARGET_NAME)";
				SDKROOT = auto;
				SUPPORTED_PLATFORMS = "iphoneos iphonesimulator macosx";
				SWIFT_EMIT_LOC_STRINGS = NO;
				SWIFT_VERSION = 5.0;
				TARGETED_DEVICE_FAMILY = "1,2";
				TEST_TARGET_NAME = BetterYou;
			};
			name = Release;
		};
/* End XCBuildConfiguration section */

/* Begin XCConfigurationList section */
		3A7989492ABE4DDA00A37E33 /* Build configuration list for PBXProject "BetterYou" */ = {
			isa = XCConfigurationList;
			buildConfigurations = (
				3A7989712ABE4DDD00A37E33 /* Debug */,
				3A7989722ABE4DDD00A37E33 /* Release */,
			);
			defaultConfigurationIsVisible = 0;
			defaultConfigurationName = Release;
		};
		3A7989732ABE4DDD00A37E33 /* Build configuration list for PBXNativeTarget "BetterYou" */ = {
			isa = XCConfigurationList;
			buildConfigurations = (
				3A7989742ABE4DDD00A37E33 /* Debug */,
				3A7989752ABE4DDD00A37E33 /* Release */,
			);
			defaultConfigurationIsVisible = 0;
			defaultConfigurationName = Release;
		};
		3A7989762ABE4DDD00A37E33 /* Build configuration list for PBXNativeTarget "BetterYouTests" */ = {
			isa = XCConfigurationList;
			buildConfigurations = (
				3A7989772ABE4DDD00A37E33 /* Debug */,
				3A7989782ABE4DDD00A37E33 /* Release */,
			);
			defaultConfigurationIsVisible = 0;
			defaultConfigurationName = Release;
		};
		3A7989792ABE4DDD00A37E33 /* Build configuration list for PBXNativeTarget "BetterYouUITests" */ = {
			isa = XCConfigurationList;
			buildConfigurations = (
				3A79897A2ABE4DDD00A37E33 /* Debug */,
				3A79897B2ABE4DDD00A37E33 /* Release */,
			);
			defaultConfigurationIsVisible = 0;
			defaultConfigurationName = Release;
		};
/* End XCConfigurationList section */
	};
	rootObject = 3A7989462ABE4DDA00A37E33 /* Project object */;
}
