// !$*UTF8*$!
{
	archiveVersion = 1;
	classes = {
	};
	objectVersion = 56;
	objects = {

/* Begin PBXBuildFile section */
		3AF731512B20F28400E05B8C /* Better_You_FinalApp.swift in Sources */ = {isa = PBXBuildFile; fileRef = 3AF731502B20F28400E05B8C /* Better_You_FinalApp.swift */; };
		3AF731582B20F28700E05B8C /* Preview Assets.xcassets in Resources */ = {isa = PBXBuildFile; fileRef = 3AF731572B20F28700E05B8C /* Preview Assets.xcassets */; };
		3AF731622B20F28700E05B8C /* Better_You_FinalTests.swift in Sources */ = {isa = PBXBuildFile; fileRef = 3AF731612B20F28700E05B8C /* Better_You_FinalTests.swift */; };
		3AF7316C2B20F28800E05B8C /* Better_You_FinalUITests.swift in Sources */ = {isa = PBXBuildFile; fileRef = 3AF7316B2B20F28800E05B8C /* Better_You_FinalUITests.swift */; };
		3AF7316E2B20F28800E05B8C /* Better_You_FinalUITestsLaunchTests.swift in Sources */ = {isa = PBXBuildFile; fileRef = 3AF7316D2B20F28800E05B8C /* Better_You_FinalUITestsLaunchTests.swift */; };
		3AF7317B2B20F3EE00E05B8C /* Assets.xcassets in Resources */ = {isa = PBXBuildFile; fileRef = 3AF7317A2B20F3EE00E05B8C /* Assets.xcassets */; };
		3AF7317F2B20F41D00E05B8C /* SettingRowView.swift in Sources */ = {isa = PBXBuildFile; fileRef = 3AF7317D2B20F41D00E05B8C /* SettingRowView.swift */; };
		3AF731802B20F41D00E05B8C /* InputView.swift in Sources */ = {isa = PBXBuildFile; fileRef = 3AF7317E2B20F41D00E05B8C /* InputView.swift */; };
		3AF731982B20F43200E05B8C /* DashboardView.swift in Sources */ = {isa = PBXBuildFile; fileRef = 3AF731832B20F43200E05B8C /* DashboardView.swift */; };
		3AF731992B20F43200E05B8C /* ContentView2.swift in Sources */ = {isa = PBXBuildFile; fileRef = 3AF731842B20F43200E05B8C /* ContentView2.swift */; };
		3AF7319A2B20F43200E05B8C /* AccountView.swift in Sources */ = {isa = PBXBuildFile; fileRef = 3AF731852B20F43200E05B8C /* AccountView.swift */; };
		3AF7319B2B20F43200E05B8C /* TrackingView.swift in Sources */ = {isa = PBXBuildFile; fileRef = 3AF731862B20F43200E05B8C /* TrackingView.swift */; };
		3AF7319C2B20F43200E05B8C /* AddView.swift in Sources */ = {isa = PBXBuildFile; fileRef = 3AF731882B20F43200E05B8C /* AddView.swift */; };
		3AF7319D2B20F43200E05B8C /* TabView.swift in Sources */ = {isa = PBXBuildFile; fileRef = 3AF731892B20F43200E05B8C /* TabView.swift */; };
		3AF7319E2B20F43200E05B8C /* RingView.swift in Sources */ = {isa = PBXBuildFile; fileRef = 3AF7318A2B20F43200E05B8C /* RingView.swift */; };
		3AF7319F2B20F43200E05B8C /* WaterView.swift in Sources */ = {isa = PBXBuildFile; fileRef = 3AF7318B2B20F43200E05B8C /* WaterView.swift */; };
		3AF731A02B20F43200E05B8C /* FoodCardView.swift in Sources */ = {isa = PBXBuildFile; fileRef = 3AF7318C2B20F43200E05B8C /* FoodCardView.swift */; };
		3AF731A12B20F43200E05B8C /* CDDataModel.swift in Sources */ = {isa = PBXBuildFile; fileRef = 3AF7318D2B20F43200E05B8C /* CDDataModel.swift */; };
		3AF731A22B20F43200E05B8C /* ProfileView.swift in Sources */ = {isa = PBXBuildFile; fileRef = 3AF7318F2B20F43200E05B8C /* ProfileView.swift */; };
		3AF731A32B20F43200E05B8C /* ContentView.swift in Sources */ = {isa = PBXBuildFile; fileRef = 3AF731912B20F43200E05B8C /* ContentView.swift */; };
		3AF731A42B20F43200E05B8C /* AuthViewModel.swift in Sources */ = {isa = PBXBuildFile; fileRef = 3AF731942B20F43200E05B8C /* AuthViewModel.swift */; };
		3AF731A52B20F43200E05B8C /* RegistrationView.swift in Sources */ = {isa = PBXBuildFile; fileRef = 3AF731962B20F43200E05B8C /* RegistrationView.swift */; };
		3AF731A62B20F43200E05B8C /* LoginView.swift in Sources */ = {isa = PBXBuildFile; fileRef = 3AF731972B20F43200E05B8C /* LoginView.swift */; };
		3AF731AB2B20F55800E05B8C /* User.swift in Sources */ = {isa = PBXBuildFile; fileRef = 3AF731A92B20F55800E05B8C /* User.swift */; };
		3AF731AC2B20F55800E05B8C /* GoogleService-Info.plist in Resources */ = {isa = PBXBuildFile; fileRef = 3AF731AA2B20F55800E05B8C /* GoogleService-Info.plist */; };
/* End PBXBuildFile section */

/* Begin PBXContainerItemProxy section */
		3AF7315E2B20F28700E05B8C /* PBXContainerItemProxy */ = {
			isa = PBXContainerItemProxy;
			containerPortal = 3AF731452B20F28400E05B8C /* Project object */;
			proxyType = 1;
			remoteGlobalIDString = 3AF7314C2B20F28400E05B8C;
			remoteInfo = "Better-You-Final";
		};
		3AF731682B20F28800E05B8C /* PBXContainerItemProxy */ = {
			isa = PBXContainerItemProxy;
			containerPortal = 3AF731452B20F28400E05B8C /* Project object */;
			proxyType = 1;
			remoteGlobalIDString = 3AF7314C2B20F28400E05B8C;
			remoteInfo = "Better-You-Final";
		};
/* End PBXContainerItemProxy section */

/* Begin PBXFileReference section */
		3AF7314D2B20F28400E05B8C /* Better-You-Final.app */ = {isa = PBXFileReference; explicitFileType = wrapper.application; includeInIndex = 0; path = "Better-You-Final.app"; sourceTree = BUILT_PRODUCTS_DIR; };
		3AF731502B20F28400E05B8C /* Better_You_FinalApp.swift */ = {isa = PBXFileReference; lastKnownFileType = sourcecode.swift; path = Better_You_FinalApp.swift; sourceTree = "<group>"; };
		3AF731572B20F28700E05B8C /* Preview Assets.xcassets */ = {isa = PBXFileReference; lastKnownFileType = folder.assetcatalog; path = "Preview Assets.xcassets"; sourceTree = "<group>"; };
		3AF7315D2B20F28700E05B8C /* Better-You-FinalTests.xctest */ = {isa = PBXFileReference; explicitFileType = wrapper.cfbundle; includeInIndex = 0; path = "Better-You-FinalTests.xctest"; sourceTree = BUILT_PRODUCTS_DIR; };
		3AF731612B20F28700E05B8C /* Better_You_FinalTests.swift */ = {isa = PBXFileReference; lastKnownFileType = sourcecode.swift; path = Better_You_FinalTests.swift; sourceTree = "<group>"; };
		3AF731672B20F28700E05B8C /* Better-You-FinalUITests.xctest */ = {isa = PBXFileReference; explicitFileType = wrapper.cfbundle; includeInIndex = 0; path = "Better-You-FinalUITests.xctest"; sourceTree = BUILT_PRODUCTS_DIR; };
		3AF7316B2B20F28800E05B8C /* Better_You_FinalUITests.swift */ = {isa = PBXFileReference; lastKnownFileType = sourcecode.swift; path = Better_You_FinalUITests.swift; sourceTree = "<group>"; };
		3AF7316D2B20F28800E05B8C /* Better_You_FinalUITestsLaunchTests.swift */ = {isa = PBXFileReference; lastKnownFileType = sourcecode.swift; path = Better_You_FinalUITestsLaunchTests.swift; sourceTree = "<group>"; };
		3AF7317A2B20F3EE00E05B8C /* Assets.xcassets */ = {isa = PBXFileReference; lastKnownFileType = folder.assetcatalog; name = Assets.xcassets; path = "../../../Desktop/BetterYou v1.0/Better-You/Assets.xcassets"; sourceTree = "<group>"; };
		3AF7317D2B20F41D00E05B8C /* SettingRowView.swift */ = {isa = PBXFileReference; fileEncoding = 4; lastKnownFileType = sourcecode.swift; path = SettingRowView.swift; sourceTree = "<group>"; };
		3AF7317E2B20F41D00E05B8C /* InputView.swift */ = {isa = PBXFileReference; fileEncoding = 4; lastKnownFileType = sourcecode.swift; path = InputView.swift; sourceTree = "<group>"; };
		3AF731832B20F43200E05B8C /* DashboardView.swift */ = {isa = PBXFileReference; fileEncoding = 4; lastKnownFileType = sourcecode.swift; path = DashboardView.swift; sourceTree = "<group>"; };
		3AF731842B20F43200E05B8C /* ContentView2.swift */ = {isa = PBXFileReference; fileEncoding = 4; lastKnownFileType = sourcecode.swift; path = ContentView2.swift; sourceTree = "<group>"; };
		3AF731852B20F43200E05B8C /* AccountView.swift */ = {isa = PBXFileReference; fileEncoding = 4; lastKnownFileType = sourcecode.swift; path = AccountView.swift; sourceTree = "<group>"; };
		3AF731862B20F43200E05B8C /* TrackingView.swift */ = {isa = PBXFileReference; fileEncoding = 4; lastKnownFileType = sourcecode.swift; path = TrackingView.swift; sourceTree = "<group>"; };
		3AF731882B20F43200E05B8C /* AddView.swift */ = {isa = PBXFileReference; fileEncoding = 4; lastKnownFileType = sourcecode.swift; path = AddView.swift; sourceTree = "<group>"; };
		3AF731892B20F43200E05B8C /* TabView.swift */ = {isa = PBXFileReference; fileEncoding = 4; lastKnownFileType = sourcecode.swift; path = TabView.swift; sourceTree = "<group>"; };
		3AF7318A2B20F43200E05B8C /* RingView.swift */ = {isa = PBXFileReference; fileEncoding = 4; lastKnownFileType = sourcecode.swift; path = RingView.swift; sourceTree = "<group>"; };
		3AF7318B2B20F43200E05B8C /* WaterView.swift */ = {isa = PBXFileReference; fileEncoding = 4; lastKnownFileType = sourcecode.swift; path = WaterView.swift; sourceTree = "<group>"; };
		3AF7318C2B20F43200E05B8C /* FoodCardView.swift */ = {isa = PBXFileReference; fileEncoding = 4; lastKnownFileType = sourcecode.swift; path = FoodCardView.swift; sourceTree = "<group>"; };
		3AF7318D2B20F43200E05B8C /* CDDataModel.swift */ = {isa = PBXFileReference; fileEncoding = 4; lastKnownFileType = sourcecode.swift; path = CDDataModel.swift; sourceTree = "<group>"; };
		3AF7318F2B20F43200E05B8C /* ProfileView.swift */ = {isa = PBXFileReference; fileEncoding = 4; lastKnownFileType = sourcecode.swift; path = ProfileView.swift; sourceTree = "<group>"; };
		3AF731912B20F43200E05B8C /* ContentView.swift */ = {isa = PBXFileReference; fileEncoding = 4; lastKnownFileType = sourcecode.swift; path = ContentView.swift; sourceTree = "<group>"; };
		3AF731942B20F43200E05B8C /* AuthViewModel.swift */ = {isa = PBXFileReference; fileEncoding = 4; lastKnownFileType = sourcecode.swift; path = AuthViewModel.swift; sourceTree = "<group>"; };
		3AF731962B20F43200E05B8C /* RegistrationView.swift */ = {isa = PBXFileReference; fileEncoding = 4; lastKnownFileType = sourcecode.swift; path = RegistrationView.swift; sourceTree = "<group>"; };
		3AF731972B20F43200E05B8C /* LoginView.swift */ = {isa = PBXFileReference; fileEncoding = 4; lastKnownFileType = sourcecode.swift; path = LoginView.swift; sourceTree = "<group>"; };
		3AF731A92B20F55800E05B8C /* User.swift */ = {isa = PBXFileReference; fileEncoding = 4; lastKnownFileType = sourcecode.swift; path = User.swift; sourceTree = "<group>"; };
		3AF731AA2B20F55800E05B8C /* GoogleService-Info.plist */ = {isa = PBXFileReference; fileEncoding = 4; lastKnownFileType = text.plist.xml; path = "GoogleService-Info.plist"; sourceTree = "<group>"; };
/* End PBXFileReference section */

/* Begin PBXFrameworksBuildPhase section */
		3AF7314A2B20F28400E05B8C /* Frameworks */ = {
			isa = PBXFrameworksBuildPhase;
			buildActionMask = 2147483647;
			files = (
			);
			runOnlyForDeploymentPostprocessing = 0;
		};
		3AF7315A2B20F28700E05B8C /* Frameworks */ = {
			isa = PBXFrameworksBuildPhase;
			buildActionMask = 2147483647;
			files = (
			);
			runOnlyForDeploymentPostprocessing = 0;
		};
		3AF731642B20F28700E05B8C /* Frameworks */ = {
			isa = PBXFrameworksBuildPhase;
			buildActionMask = 2147483647;
			files = (
			);
			runOnlyForDeploymentPostprocessing = 0;
		};
/* End PBXFrameworksBuildPhase section */

/* Begin PBXGroup section */
		3AF731442B20F28400E05B8C = {
			isa = PBXGroup;
			children = (
				3AF7314F2B20F28400E05B8C /* Better-You-Final */,
				3AF731602B20F28700E05B8C /* Better-You-FinalTests */,
				3AF7316A2B20F28800E05B8C /* Better-You-FinalUITests */,
				3AF7314E2B20F28400E05B8C /* Products */,
			);
			sourceTree = "<group>";
		};
		3AF7314E2B20F28400E05B8C /* Products */ = {
			isa = PBXGroup;
			children = (
				3AF7314D2B20F28400E05B8C /* Better-You-Final.app */,
				3AF7315D2B20F28700E05B8C /* Better-You-FinalTests.xctest */,
				3AF731672B20F28700E05B8C /* Better-You-FinalUITests.xctest */,
			);
			name = Products;
			sourceTree = "<group>";
		};
		3AF7314F2B20F28400E05B8C /* Better-You-Final */ = {
			isa = PBXGroup;
			children = (
				3AF731A72B20F4E100E05B8C /* App */,
				3AF7317A2B20F3EE00E05B8C /* Assets.xcassets */,
				3AF731812B20F43200E05B8C /* Core */,
				3AF7317C2B20F41D00E05B8C /* Components */,
				3AF731562B20F28700E05B8C /* Preview Content */,
				3AF731A82B20F55800E05B8C /* Model */,
			);
			path = "Better-You-Final";
			sourceTree = "<group>";
		};
		3AF731562B20F28700E05B8C /* Preview Content */ = {
			isa = PBXGroup;
			children = (
				3AF731572B20F28700E05B8C /* Preview Assets.xcassets */,
			);
			path = "Preview Content";
			sourceTree = "<group>";
		};
		3AF731602B20F28700E05B8C /* Better-You-FinalTests */ = {
			isa = PBXGroup;
			children = (
				3AF731612B20F28700E05B8C /* Better_You_FinalTests.swift */,
			);
			path = "Better-You-FinalTests";
			sourceTree = "<group>";
		};
		3AF7316A2B20F28800E05B8C /* Better-You-FinalUITests */ = {
			isa = PBXGroup;
			children = (
				3AF7316B2B20F28800E05B8C /* Better_You_FinalUITests.swift */,
				3AF7316D2B20F28800E05B8C /* Better_You_FinalUITestsLaunchTests.swift */,
			);
			path = "Better-You-FinalUITests";
			sourceTree = "<group>";
		};
		3AF7317C2B20F41D00E05B8C /* Components */ = {
			isa = PBXGroup;
			children = (
				3AF7317D2B20F41D00E05B8C /* SettingRowView.swift */,
				3AF7317E2B20F41D00E05B8C /* InputView.swift */,
			);
			path = Components;
			sourceTree = "<group>";
		};
		3AF731812B20F43200E05B8C /* Core */ = {
			isa = PBXGroup;
			children = (
				3AF731922B20F43200E05B8C /* Authentication */,
				3AF731822B20F43200E05B8C /* Display Views */,
				3AF7318E2B20F43200E05B8C /* Profile */,
				3AF731872B20F43200E05B8C /* Small Views */,
				3AF731902B20F43200E05B8C /* Root */,
			);
			path = Core;
			sourceTree = "<group>";
		};
		3AF731822B20F43200E05B8C /* Display Views */ = {
			isa = PBXGroup;
			children = (
				3AF731832B20F43200E05B8C /* DashboardView.swift */,
				3AF731842B20F43200E05B8C /* ContentView2.swift */,
				3AF731852B20F43200E05B8C /* AccountView.swift */,
				3AF731862B20F43200E05B8C /* TrackingView.swift */,
			);
			path = "Display Views";
			sourceTree = "<group>";
		};
		3AF731872B20F43200E05B8C /* Small Views */ = {
			isa = PBXGroup;
			children = (
				3AF731882B20F43200E05B8C /* AddView.swift */,
				3AF731892B20F43200E05B8C /* TabView.swift */,
				3AF7318A2B20F43200E05B8C /* RingView.swift */,
				3AF7318B2B20F43200E05B8C /* WaterView.swift */,
				3AF7318C2B20F43200E05B8C /* FoodCardView.swift */,
				3AF7318D2B20F43200E05B8C /* CDDataModel.swift */,
			);
			path = "Small Views";
			sourceTree = "<group>";
		};
		3AF7318E2B20F43200E05B8C /* Profile */ = {
			isa = PBXGroup;
			children = (
				3AF7318F2B20F43200E05B8C /* ProfileView.swift */,
			);
			path = Profile;
			sourceTree = "<group>";
		};
		3AF731902B20F43200E05B8C /* Root */ = {
			isa = PBXGroup;
			children = (
				3AF731912B20F43200E05B8C /* ContentView.swift */,
			);
			path = Root;
			sourceTree = "<group>";
		};
		3AF731922B20F43200E05B8C /* Authentication */ = {
			isa = PBXGroup;
			children = (
				3AF731932B20F43200E05B8C /* Viewmodel */,
				3AF731952B20F43200E05B8C /* View */,
			);
			path = Authentication;
			sourceTree = "<group>";
		};
		3AF731932B20F43200E05B8C /* Viewmodel */ = {
			isa = PBXGroup;
			children = (
				3AF731942B20F43200E05B8C /* AuthViewModel.swift */,
			);
			path = Viewmodel;
			sourceTree = "<group>";
		};
		3AF731952B20F43200E05B8C /* View */ = {
			isa = PBXGroup;
			children = (
				3AF731962B20F43200E05B8C /* RegistrationView.swift */,
				3AF731972B20F43200E05B8C /* LoginView.swift */,
			);
			path = View;
			sourceTree = "<group>";
		};
		3AF731A72B20F4E100E05B8C /* App */ = {
			isa = PBXGroup;
			children = (
				3AF731502B20F28400E05B8C /* Better_You_FinalApp.swift */,
			);
			path = App;
			sourceTree = "<group>";
		};
		3AF731A82B20F55800E05B8C /* Model */ = {
			isa = PBXGroup;
			children = (
				3AF731A92B20F55800E05B8C /* User.swift */,
				3AF731AA2B20F55800E05B8C /* GoogleService-Info.plist */,
			);
			path = Model;
			sourceTree = "<group>";
		};
/* End PBXGroup section */

/* Begin PBXNativeTarget section */
		3AF7314C2B20F28400E05B8C /* Better-You-Final */ = {
			isa = PBXNativeTarget;
			buildConfigurationList = 3AF731712B20F28800E05B8C /* Build configuration list for PBXNativeTarget "Better-You-Final" */;
			buildPhases = (
				3AF731492B20F28400E05B8C /* Sources */,
				3AF7314A2B20F28400E05B8C /* Frameworks */,
				3AF7314B2B20F28400E05B8C /* Resources */,
			);
			buildRules = (
			);
			dependencies = (
			);
			name = "Better-You-Final";
			productName = "Better-You-Final";
			productReference = 3AF7314D2B20F28400E05B8C /* Better-You-Final.app */;
			productType = "com.apple.product-type.application";
		};
		3AF7315C2B20F28700E05B8C /* Better-You-FinalTests */ = {
			isa = PBXNativeTarget;
			buildConfigurationList = 3AF731742B20F28800E05B8C /* Build configuration list for PBXNativeTarget "Better-You-FinalTests" */;
			buildPhases = (
				3AF731592B20F28700E05B8C /* Sources */,
				3AF7315A2B20F28700E05B8C /* Frameworks */,
				3AF7315B2B20F28700E05B8C /* Resources */,
			);
			buildRules = (
			);
			dependencies = (
				3AF7315F2B20F28700E05B8C /* PBXTargetDependency */,
			);
			name = "Better-You-FinalTests";
			productName = "Better-You-FinalTests";
			productReference = 3AF7315D2B20F28700E05B8C /* Better-You-FinalTests.xctest */;
			productType = "com.apple.product-type.bundle.unit-test";
		};
		3AF731662B20F28700E05B8C /* Better-You-FinalUITests */ = {
			isa = PBXNativeTarget;
			buildConfigurationList = 3AF731772B20F28800E05B8C /* Build configuration list for PBXNativeTarget "Better-You-FinalUITests" */;
			buildPhases = (
				3AF731632B20F28700E05B8C /* Sources */,
				3AF731642B20F28700E05B8C /* Frameworks */,
				3AF731652B20F28700E05B8C /* Resources */,
			);
			buildRules = (
			);
			dependencies = (
				3AF731692B20F28800E05B8C /* PBXTargetDependency */,
			);
			name = "Better-You-FinalUITests";
			productName = "Better-You-FinalUITests";
			productReference = 3AF731672B20F28700E05B8C /* Better-You-FinalUITests.xctest */;
			productType = "com.apple.product-type.bundle.ui-testing";
		};
/* End PBXNativeTarget section */

/* Begin PBXProject section */
		3AF731452B20F28400E05B8C /* Project object */ = {
			isa = PBXProject;
			attributes = {
				BuildIndependentTargetsInParallel = 1;
				LastSwiftUpdateCheck = 1430;
				LastUpgradeCheck = 1430;
				TargetAttributes = {
					3AF7314C2B20F28400E05B8C = {
						CreatedOnToolsVersion = 14.3.1;
					};
					3AF7315C2B20F28700E05B8C = {
						CreatedOnToolsVersion = 14.3.1;
						TestTargetID = 3AF7314C2B20F28400E05B8C;
					};
					3AF731662B20F28700E05B8C = {
						CreatedOnToolsVersion = 14.3.1;
						TestTargetID = 3AF7314C2B20F28400E05B8C;
					};
				};
			};
			buildConfigurationList = 3AF731482B20F28400E05B8C /* Build configuration list for PBXProject "Better-You-Final" */;
			compatibilityVersion = "Xcode 14.0";
			developmentRegion = en;
			hasScannedForEncodings = 0;
			knownRegions = (
				en,
				Base,
			);
			mainGroup = 3AF731442B20F28400E05B8C;
			productRefGroup = 3AF7314E2B20F28400E05B8C /* Products */;
			projectDirPath = "";
			projectRoot = "";
			targets = (
				3AF7314C2B20F28400E05B8C /* Better-You-Final */,
				3AF7315C2B20F28700E05B8C /* Better-You-FinalTests */,
				3AF731662B20F28700E05B8C /* Better-You-FinalUITests */,
			);
		};
/* End PBXProject section */

/* Begin PBXResourcesBuildPhase section */
		3AF7314B2B20F28400E05B8C /* Resources */ = {
			isa = PBXResourcesBuildPhase;
			buildActionMask = 2147483647;
			files = (
				3AF731582B20F28700E05B8C /* Preview Assets.xcassets in Resources */,
				3AF7317B2B20F3EE00E05B8C /* Assets.xcassets in Resources */,
				3AF731AC2B20F55800E05B8C /* GoogleService-Info.plist in Resources */,
			);
			runOnlyForDeploymentPostprocessing = 0;
		};
		3AF7315B2B20F28700E05B8C /* Resources */ = {
			isa = PBXResourcesBuildPhase;
			buildActionMask = 2147483647;
			files = (
			);
			runOnlyForDeploymentPostprocessing = 0;
		};
		3AF731652B20F28700E05B8C /* Resources */ = {
			isa = PBXResourcesBuildPhase;
			buildActionMask = 2147483647;
			files = (
			);
			runOnlyForDeploymentPostprocessing = 0;
		};
/* End PBXResourcesBuildPhase section */

/* Begin PBXSourcesBuildPhase section */
		3AF731492B20F28400E05B8C /* Sources */ = {
			isa = PBXSourcesBuildPhase;
			buildActionMask = 2147483647;
			files = (
				3AF7319D2B20F43200E05B8C /* TabView.swift in Sources */,
				3AF731A02B20F43200E05B8C /* FoodCardView.swift in Sources */,
				3AF731A32B20F43200E05B8C /* ContentView.swift in Sources */,
				3AF731A52B20F43200E05B8C /* RegistrationView.swift in Sources */,
				3AF731802B20F41D00E05B8C /* InputView.swift in Sources */,
				3AF7319C2B20F43200E05B8C /* AddView.swift in Sources */,
				3AF7319F2B20F43200E05B8C /* WaterView.swift in Sources */,
				3AF731AB2B20F55800E05B8C /* User.swift in Sources */,
				3AF731A42B20F43200E05B8C /* AuthViewModel.swift in Sources */,
				3AF731982B20F43200E05B8C /* DashboardView.swift in Sources */,
				3AF731A22B20F43200E05B8C /* ProfileView.swift in Sources */,
				3AF7319E2B20F43200E05B8C /* RingView.swift in Sources */,
				3AF7319B2B20F43200E05B8C /* TrackingView.swift in Sources */,
				3AF731992B20F43200E05B8C /* ContentView2.swift in Sources */,
				3AF7319A2B20F43200E05B8C /* AccountView.swift in Sources */,
				3AF731512B20F28400E05B8C /* Better_You_FinalApp.swift in Sources */,
				3AF731A62B20F43200E05B8C /* LoginView.swift in Sources */,
				3AF731A12B20F43200E05B8C /* CDDataModel.swift in Sources */,
				3AF7317F2B20F41D00E05B8C /* SettingRowView.swift in Sources */,
			);
			runOnlyForDeploymentPostprocessing = 0;
		};
		3AF731592B20F28700E05B8C /* Sources */ = {
			isa = PBXSourcesBuildPhase;
			buildActionMask = 2147483647;
			files = (
				3AF731622B20F28700E05B8C /* Better_You_FinalTests.swift in Sources */,
			);
			runOnlyForDeploymentPostprocessing = 0;
		};
		3AF731632B20F28700E05B8C /* Sources */ = {
			isa = PBXSourcesBuildPhase;
			buildActionMask = 2147483647;
			files = (
				3AF7316C2B20F28800E05B8C /* Better_You_FinalUITests.swift in Sources */,
				3AF7316E2B20F28800E05B8C /* Better_You_FinalUITestsLaunchTests.swift in Sources */,
			);
			runOnlyForDeploymentPostprocessing = 0;
		};
/* End PBXSourcesBuildPhase section */

/* Begin PBXTargetDependency section */
		3AF7315F2B20F28700E05B8C /* PBXTargetDependency */ = {
			isa = PBXTargetDependency;
			target = 3AF7314C2B20F28400E05B8C /* Better-You-Final */;
			targetProxy = 3AF7315E2B20F28700E05B8C /* PBXContainerItemProxy */;
		};
		3AF731692B20F28800E05B8C /* PBXTargetDependency */ = {
			isa = PBXTargetDependency;
			target = 3AF7314C2B20F28400E05B8C /* Better-You-Final */;
			targetProxy = 3AF731682B20F28800E05B8C /* PBXContainerItemProxy */;
		};
/* End PBXTargetDependency section */

/* Begin XCBuildConfiguration section */
		3AF7316F2B20F28800E05B8C /* Debug */ = {
			isa = XCBuildConfiguration;
			buildSettings = {
				ALWAYS_SEARCH_USER_PATHS = NO;
				CLANG_ANALYZER_NONNULL = YES;
				CLANG_ANALYZER_NUMBER_OBJECT_CONVERSION = YES_AGGRESSIVE;
				CLANG_CXX_LANGUAGE_STANDARD = "gnu++20";
				CLANG_ENABLE_MODULES = YES;
				CLANG_ENABLE_OBJC_ARC = YES;
				CLANG_ENABLE_OBJC_WEAK = YES;
				CLANG_WARN_BLOCK_CAPTURE_AUTORELEASING = YES;
				CLANG_WARN_BOOL_CONVERSION = YES;
				CLANG_WARN_COMMA = YES;
				CLANG_WARN_CONSTANT_CONVERSION = YES;
				CLANG_WARN_DEPRECATED_OBJC_IMPLEMENTATIONS = YES;
				CLANG_WARN_DIRECT_OBJC_ISA_USAGE = YES_ERROR;
				CLANG_WARN_DOCUMENTATION_COMMENTS = YES;
				CLANG_WARN_EMPTY_BODY = YES;
				CLANG_WARN_ENUM_CONVERSION = YES;
				CLANG_WARN_INFINITE_RECURSION = YES;
				CLANG_WARN_INT_CONVERSION = YES;
				CLANG_WARN_NON_LITERAL_NULL_CONVERSION = YES;
				CLANG_WARN_OBJC_IMPLICIT_RETAIN_SELF = YES;
				CLANG_WARN_OBJC_LITERAL_CONVERSION = YES;
				CLANG_WARN_OBJC_ROOT_CLASS = YES_ERROR;
				CLANG_WARN_QUOTED_INCLUDE_IN_FRAMEWORK_HEADER = YES;
				CLANG_WARN_RANGE_LOOP_ANALYSIS = YES;
				CLANG_WARN_STRICT_PROTOTYPES = YES;
				CLANG_WARN_SUSPICIOUS_MOVE = YES;
				CLANG_WARN_UNGUARDED_AVAILABILITY = YES_AGGRESSIVE;
				CLANG_WARN_UNREACHABLE_CODE = YES;
				CLANG_WARN__DUPLICATE_METHOD_MATCH = YES;
				COPY_PHASE_STRIP = NO;
				DEBUG_INFORMATION_FORMAT = dwarf;
				ENABLE_STRICT_OBJC_MSGSEND = YES;
				ENABLE_TESTABILITY = YES;
				GCC_C_LANGUAGE_STANDARD = gnu11;
				GCC_DYNAMIC_NO_PIC = NO;
				GCC_NO_COMMON_BLOCKS = YES;
				GCC_OPTIMIZATION_LEVEL = 0;
				GCC_PREPROCESSOR_DEFINITIONS = (
					"DEBUG=1",
					"$(inherited)",
				);
				GCC_WARN_64_TO_32_BIT_CONVERSION = YES;
				GCC_WARN_ABOUT_RETURN_TYPE = YES_ERROR;
				GCC_WARN_UNDECLARED_SELECTOR = YES;
				GCC_WARN_UNINITIALIZED_AUTOS = YES_AGGRESSIVE;
				GCC_WARN_UNUSED_FUNCTION = YES;
				GCC_WARN_UNUSED_VARIABLE = YES;
				IPHONEOS_DEPLOYMENT_TARGET = 16.4;
				MTL_ENABLE_DEBUG_INFO = INCLUDE_SOURCE;
				MTL_FAST_MATH = YES;
				ONLY_ACTIVE_ARCH = YES;
				SDKROOT = iphoneos;
				SWIFT_ACTIVE_COMPILATION_CONDITIONS = DEBUG;
				SWIFT_OPTIMIZATION_LEVEL = "-Onone";
			};
			name = Debug;
		};
		3AF731702B20F28800E05B8C /* Release */ = {
			isa = XCBuildConfiguration;
			buildSettings = {
				ALWAYS_SEARCH_USER_PATHS = NO;
				CLANG_ANALYZER_NONNULL = YES;
				CLANG_ANALYZER_NUMBER_OBJECT_CONVERSION = YES_AGGRESSIVE;
				CLANG_CXX_LANGUAGE_STANDARD = "gnu++20";
				CLANG_ENABLE_MODULES = YES;
				CLANG_ENABLE_OBJC_ARC = YES;
				CLANG_ENABLE_OBJC_WEAK = YES;
				CLANG_WARN_BLOCK_CAPTURE_AUTORELEASING = YES;
				CLANG_WARN_BOOL_CONVERSION = YES;
				CLANG_WARN_COMMA = YES;
				CLANG_WARN_CONSTANT_CONVERSION = YES;
				CLANG_WARN_DEPRECATED_OBJC_IMPLEMENTATIONS = YES;
				CLANG_WARN_DIRECT_OBJC_ISA_USAGE = YES_ERROR;
				CLANG_WARN_DOCUMENTATION_COMMENTS = YES;
				CLANG_WARN_EMPTY_BODY = YES;
				CLANG_WARN_ENUM_CONVERSION = YES;
				CLANG_WARN_INFINITE_RECURSION = YES;
				CLANG_WARN_INT_CONVERSION = YES;
				CLANG_WARN_NON_LITERAL_NULL_CONVERSION = YES;
				CLANG_WARN_OBJC_IMPLICIT_RETAIN_SELF = YES;
				CLANG_WARN_OBJC_LITERAL_CONVERSION = YES;
				CLANG_WARN_OBJC_ROOT_CLASS = YES_ERROR;
				CLANG_WARN_QUOTED_INCLUDE_IN_FRAMEWORK_HEADER = YES;
				CLANG_WARN_RANGE_LOOP_ANALYSIS = YES;
				CLANG_WARN_STRICT_PROTOTYPES = YES;
				CLANG_WARN_SUSPICIOUS_MOVE = YES;
				CLANG_WARN_UNGUARDED_AVAILABILITY = YES_AGGRESSIVE;
				CLANG_WARN_UNREACHABLE_CODE = YES;
				CLANG_WARN__DUPLICATE_METHOD_MATCH = YES;
				COPY_PHASE_STRIP = NO;
				DEBUG_INFORMATION_FORMAT = "dwarf-with-dsym";
				ENABLE_NS_ASSERTIONS = NO;
				ENABLE_STRICT_OBJC_MSGSEND = YES;
				GCC_C_LANGUAGE_STANDARD = gnu11;
				GCC_NO_COMMON_BLOCKS = YES;
				GCC_WARN_64_TO_32_BIT_CONVERSION = YES;
				GCC_WARN_ABOUT_RETURN_TYPE = YES_ERROR;
				GCC_WARN_UNDECLARED_SELECTOR = YES;
				GCC_WARN_UNINITIALIZED_AUTOS = YES_AGGRESSIVE;
				GCC_WARN_UNUSED_FUNCTION = YES;
				GCC_WARN_UNUSED_VARIABLE = YES;
				IPHONEOS_DEPLOYMENT_TARGET = 16.4;
				MTL_ENABLE_DEBUG_INFO = NO;
				MTL_FAST_MATH = YES;
				SDKROOT = iphoneos;
				SWIFT_COMPILATION_MODE = wholemodule;
				SWIFT_OPTIMIZATION_LEVEL = "-O";
				VALIDATE_PRODUCT = YES;
			};
			name = Release;
		};
		3AF731722B20F28800E05B8C /* Debug */ = {
			isa = XCBuildConfiguration;
			buildSettings = {
				ASSETCATALOG_COMPILER_APPICON_NAME = AppIcon;
				ASSETCATALOG_COMPILER_GLOBAL_ACCENT_COLOR_NAME = AccentColor;
				CODE_SIGN_STYLE = Automatic;
				CURRENT_PROJECT_VERSION = 1;
				DEVELOPMENT_ASSET_PATHS = "\"Better-You-Final/Preview Content\"";
				ENABLE_PREVIEWS = YES;
				GENERATE_INFOPLIST_FILE = YES;
				INFOPLIST_KEY_UIApplicationSceneManifest_Generation = YES;
				INFOPLIST_KEY_UIApplicationSupportsIndirectInputEvents = YES;
				INFOPLIST_KEY_UILaunchScreen_Generation = YES;
				INFOPLIST_KEY_UISupportedInterfaceOrientations_iPad = "UIInterfaceOrientationPortrait UIInterfaceOrientationPortraitUpsideDown UIInterfaceOrientationLandscapeLeft UIInterfaceOrientationLandscapeRight";
				INFOPLIST_KEY_UISupportedInterfaceOrientations_iPhone = "UIInterfaceOrientationPortrait UIInterfaceOrientationLandscapeLeft UIInterfaceOrientationLandscapeRight";
				LD_RUNPATH_SEARCH_PATHS = (
					"$(inherited)",
					"@executable_path/Frameworks",
				);
				MARKETING_VERSION = 1.0;
				PRODUCT_BUNDLE_IDENTIFIER = "Better-You.Better-You-Final";
				PRODUCT_NAME = "$(TARGET_NAME)";
				SWIFT_EMIT_LOC_STRINGS = YES;
				SWIFT_VERSION = 5.0;
				TARGETED_DEVICE_FAMILY = "1,2";
			};
			name = Debug;
		};
		3AF731732B20F28800E05B8C /* Release */ = {
			isa = XCBuildConfiguration;
			buildSettings = {
				ASSETCATALOG_COMPILER_APPICON_NAME = AppIcon;
				ASSETCATALOG_COMPILER_GLOBAL_ACCENT_COLOR_NAME = AccentColor;
				CODE_SIGN_STYLE = Automatic;
				CURRENT_PROJECT_VERSION = 1;
				DEVELOPMENT_ASSET_PATHS = "\"Better-You-Final/Preview Content\"";
				ENABLE_PREVIEWS = YES;
				GENERATE_INFOPLIST_FILE = YES;
				INFOPLIST_KEY_UIApplicationSceneManifest_Generation = YES;
				INFOPLIST_KEY_UIApplicationSupportsIndirectInputEvents = YES;
				INFOPLIST_KEY_UILaunchScreen_Generation = YES;
				INFOPLIST_KEY_UISupportedInterfaceOrientations_iPad = "UIInterfaceOrientationPortrait UIInterfaceOrientationPortraitUpsideDown UIInterfaceOrientationLandscapeLeft UIInterfaceOrientationLandscapeRight";
				INFOPLIST_KEY_UISupportedInterfaceOrientations_iPhone = "UIInterfaceOrientationPortrait UIInterfaceOrientationLandscapeLeft UIInterfaceOrientationLandscapeRight";
				LD_RUNPATH_SEARCH_PATHS = (
					"$(inherited)",
					"@executable_path/Frameworks",
				);
				MARKETING_VERSION = 1.0;
				PRODUCT_BUNDLE_IDENTIFIER = "Better-You.Better-You-Final";
				PRODUCT_NAME = "$(TARGET_NAME)";
				SWIFT_EMIT_LOC_STRINGS = YES;
				SWIFT_VERSION = 5.0;
				TARGETED_DEVICE_FAMILY = "1,2";
			};
			name = Release;
		};
		3AF731752B20F28800E05B8C /* Debug */ = {
			isa = XCBuildConfiguration;
			buildSettings = {
				ALWAYS_EMBED_SWIFT_STANDARD_LIBRARIES = YES;
				BUNDLE_LOADER = "$(TEST_HOST)";
				CODE_SIGN_STYLE = Automatic;
				CURRENT_PROJECT_VERSION = 1;
				GENERATE_INFOPLIST_FILE = YES;
				IPHONEOS_DEPLOYMENT_TARGET = 16.4;
				MARKETING_VERSION = 1.0;
				PRODUCT_BUNDLE_IDENTIFIER = "Better-You.Better-You-FinalTests";
				PRODUCT_NAME = "$(TARGET_NAME)";
				SWIFT_EMIT_LOC_STRINGS = NO;
				SWIFT_VERSION = 5.0;
				TARGETED_DEVICE_FAMILY = "1,2";
				TEST_HOST = "$(BUILT_PRODUCTS_DIR)/Better-You-Final.app/$(BUNDLE_EXECUTABLE_FOLDER_PATH)/Better-You-Final";
			};
			name = Debug;
		};
		3AF731762B20F28800E05B8C /* Release */ = {
			isa = XCBuildConfiguration;
			buildSettings = {
				ALWAYS_EMBED_SWIFT_STANDARD_LIBRARIES = YES;
				BUNDLE_LOADER = "$(TEST_HOST)";
				CODE_SIGN_STYLE = Automatic;
				CURRENT_PROJECT_VERSION = 1;
				GENERATE_INFOPLIST_FILE = YES;
				IPHONEOS_DEPLOYMENT_TARGET = 16.4;
				MARKETING_VERSION = 1.0;
				PRODUCT_BUNDLE_IDENTIFIER = "Better-You.Better-You-FinalTests";
				PRODUCT_NAME = "$(TARGET_NAME)";
				SWIFT_EMIT_LOC_STRINGS = NO;
				SWIFT_VERSION = 5.0;
				TARGETED_DEVICE_FAMILY = "1,2";
				TEST_HOST = "$(BUILT_PRODUCTS_DIR)/Better-You-Final.app/$(BUNDLE_EXECUTABLE_FOLDER_PATH)/Better-You-Final";
			};
			name = Release;
		};
		3AF731782B20F28800E05B8C /* Debug */ = {
			isa = XCBuildConfiguration;
			buildSettings = {
				ALWAYS_EMBED_SWIFT_STANDARD_LIBRARIES = YES;
				CODE_SIGN_STYLE = Automatic;
				CURRENT_PROJECT_VERSION = 1;
				GENERATE_INFOPLIST_FILE = YES;
				MARKETING_VERSION = 1.0;
				PRODUCT_BUNDLE_IDENTIFIER = "Better-You.Better-You-FinalUITests";
				PRODUCT_NAME = "$(TARGET_NAME)";
				SWIFT_EMIT_LOC_STRINGS = NO;
				SWIFT_VERSION = 5.0;
				TARGETED_DEVICE_FAMILY = "1,2";
				TEST_TARGET_NAME = "Better-You-Final";
			};
			name = Debug;
		};
		3AF731792B20F28800E05B8C /* Release */ = {
			isa = XCBuildConfiguration;
			buildSettings = {
				ALWAYS_EMBED_SWIFT_STANDARD_LIBRARIES = YES;
				CODE_SIGN_STYLE = Automatic;
				CURRENT_PROJECT_VERSION = 1;
				GENERATE_INFOPLIST_FILE = YES;
				MARKETING_VERSION = 1.0;
				PRODUCT_BUNDLE_IDENTIFIER = "Better-You.Better-You-FinalUITests";
				PRODUCT_NAME = "$(TARGET_NAME)";
				SWIFT_EMIT_LOC_STRINGS = NO;
				SWIFT_VERSION = 5.0;
				TARGETED_DEVICE_FAMILY = "1,2";
				TEST_TARGET_NAME = "Better-You-Final";
			};
			name = Release;
		};
/* End XCBuildConfiguration section */

/* Begin XCConfigurationList section */
		3AF731482B20F28400E05B8C /* Build configuration list for PBXProject "Better-You-Final" */ = {
			isa = XCConfigurationList;
			buildConfigurations = (
				3AF7316F2B20F28800E05B8C /* Debug */,
				3AF731702B20F28800E05B8C /* Release */,
			);
			defaultConfigurationIsVisible = 0;
			defaultConfigurationName = Release;
		};
		3AF731712B20F28800E05B8C /* Build configuration list for PBXNativeTarget "Better-You-Final" */ = {
			isa = XCConfigurationList;
			buildConfigurations = (
				3AF731722B20F28800E05B8C /* Debug */,
				3AF731732B20F28800E05B8C /* Release */,
			);
			defaultConfigurationIsVisible = 0;
			defaultConfigurationName = Release;
		};
		3AF731742B20F28800E05B8C /* Build configuration list for PBXNativeTarget "Better-You-FinalTests" */ = {
			isa = XCConfigurationList;
			buildConfigurations = (
				3AF731752B20F28800E05B8C /* Debug */,
				3AF731762B20F28800E05B8C /* Release */,
			);
			defaultConfigurationIsVisible = 0;
			defaultConfigurationName = Release;
		};
		3AF731772B20F28800E05B8C /* Build configuration list for PBXNativeTarget "Better-You-FinalUITests" */ = {
			isa = XCConfigurationList;
			buildConfigurations = (
				3AF731782B20F28800E05B8C /* Debug */,
				3AF731792B20F28800E05B8C /* Release */,
			);
			defaultConfigurationIsVisible = 0;
			defaultConfigurationName = Release;
		};
/* End XCConfigurationList section */
	};
	rootObject = 3AF731452B20F28400E05B8C /* Project object */;
}
